// !$*UTF8*$!
{
	archiveVersion = 1;
	classes = {
	};
	objectVersion = 46;
	objects = {

/* Begin PBXBuildFile section */
		62CA99561DA3DA0600E38872 /* AppDelegate.swift in Sources */ = {isa = PBXBuildFile; fileRef = 62CA99551DA3DA0600E38872 /* AppDelegate.swift */; };
		62CA99581DA3DA0600E38872 /* ViewController.swift in Sources */ = {isa = PBXBuildFile; fileRef = 62CA99571DA3DA0600E38872 /* ViewController.swift */; };
		62CA995B1DA3DA0600E38872 /* Main.storyboard in Resources */ = {isa = PBXBuildFile; fileRef = 62CA99591DA3DA0600E38872 /* Main.storyboard */; };
		62CA995D1DA3DA0600E38872 /* Assets.xcassets in Resources */ = {isa = PBXBuildFile; fileRef = 62CA995C1DA3DA0600E38872 /* Assets.xcassets */; };
		62CA99601DA3DA0600E38872 /* LaunchScreen.storyboard in Resources */ = {isa = PBXBuildFile; fileRef = 62CA995E1DA3DA0600E38872 /* LaunchScreen.storyboard */; };
		62CA99681DA3DB4900E38872 /* TableViewController.swift in Sources */ = {isa = PBXBuildFile; fileRef = 62CA99671DA3DB4900E38872 /* TableViewController.swift */; };
		62CA996A1DA3DF7800E38872 /* Data.swift in Sources */ = {isa = PBXBuildFile; fileRef = 62CA99691DA3DF7800E38872 /* Data.swift */; };
/* End PBXBuildFile section */

/* Begin PBXFileReference section */
		62CA99521DA3DA0600E38872 /* DoctorWho.app */ = {isa = PBXFileReference; explicitFileType = wrapper.application; includeInIndex = 0; path = DoctorWho.app; sourceTree = BUILT_PRODUCTS_DIR; };
		62CA99551DA3DA0600E38872 /* AppDelegate.swift */ = {isa = PBXFileReference; lastKnownFileType = sourcecode.swift; path = AppDelegate.swift; sourceTree = "<group>"; };
		62CA99571DA3DA0600E38872 /* ViewController.swift */ = {isa = PBXFileReference; lastKnownFileType = sourcecode.swift; path = ViewController.swift; sourceTree = "<group>"; };
		62CA995A1DA3DA0600E38872 /* Base */ = {isa = PBXFileReference; lastKnownFileType = file.storyboard; name = Base; path = Base.lproj/Main.storyboard; sourceTree = "<group>"; };
		62CA995C1DA3DA0600E38872 /* Assets.xcassets */ = {isa = PBXFileReference; lastKnownFileType = folder.assetcatalog; path = Assets.xcassets; sourceTree = "<group>"; };
		62CA995F1DA3DA0600E38872 /* Base */ = {isa = PBXFileReference; lastKnownFileType = file.storyboard; name = Base; path = Base.lproj/LaunchScreen.storyboard; sourceTree = "<group>"; };
		62CA99611DA3DA0600E38872 /* Info.plist */ = {isa = PBXFileReference; lastKnownFileType = text.plist.xml; path = Info.plist; sourceTree = "<group>"; };
		62CA99671DA3DB4900E38872 /* TableViewController.swift */ = {isa = PBXFileReference; fileEncoding = 4; lastKnownFileType = sourcecode.swift; path = TableViewController.swift; sourceTree = "<group>"; };
		62CA99691DA3DF7800E38872 /* Data.swift */ = {isa = PBXFileReference; fileEncoding = 4; lastKnownFileType = sourcecode.swift; path = Data.swift; sourceTree = "<group>"; };
/* End PBXFileReference section */

/* Begin PBXFrameworksBuildPhase section */
		62CA994F1DA3DA0600E38872 /* Frameworks */ = {
			isa = PBXFrameworksBuildPhase;
			buildActionMask = 2147483647;
			files = (
			);
			runOnlyForDeploymentPostprocessing = 0;
		};
/* End PBXFrameworksBuildPhase section */

/* Begin PBXGroup section */
		62CA99491DA3DA0600E38872 = {
			isa = PBXGroup;
			children = (
				62CA99541DA3DA0600E38872 /* DoctorWho */,
				62CA99531DA3DA0600E38872 /* Products */,
			);
			sourceTree = "<group>";
		};
		62CA99531DA3DA0600E38872 /* Products */ = {
			isa = PBXGroup;
			children = (
				62CA99521DA3DA0600E38872 /* DoctorWho.app */,
			);
			name = Products;
			sourceTree = "<group>";
		};
		62CA99541DA3DA0600E38872 /* DoctorWho */ = {
			isa = PBXGroup;
			children = (
				62CA99551DA3DA0600E38872 /* AppDelegate.swift */,
				62CA99571DA3DA0600E38872 /* ViewController.swift */,
				62CA99591DA3DA0600E38872 /* Main.storyboard */,
				62CA99671DA3DB4900E38872 /* TableViewController.swift */,
				62CA99691DA3DF7800E38872 /* Data.swift */,
				62CA995C1DA3DA0600E38872 /* Assets.xcassets */,
				62CA995E1DA3DA0600E38872 /* LaunchScreen.storyboard */,
				62CA99611DA3DA0600E38872 /* Info.plist */,
			);
			path = DoctorWho;
			sourceTree = "<group>";
		};
/* End PBXGroup section */

/* Begin PBXNativeTarget section */
		62CA99511DA3DA0600E38872 /* DoctorWho */ = {
			isa = PBXNativeTarget;
			buildConfigurationList = 62CA99641DA3DA0600E38872 /* Build configuration list for PBXNativeTarget "DoctorWho" */;
			buildPhases = (
				62CA994E1DA3DA0600E38872 /* Sources */,
				62CA994F1DA3DA0600E38872 /* Frameworks */,
				62CA99501DA3DA0600E38872 /* Resources */,
			);
			buildRules = (
			);
			dependencies = (
			);
			name = DoctorWho;
			productName = DoctorWho;
			productReference = 62CA99521DA3DA0600E38872 /* DoctorWho.app */;
			productType = "com.apple.product-type.application";
		};
/* End PBXNativeTarget section */

/* Begin PBXProject section */
		62CA994A1DA3DA0600E38872 /* Project object */ = {
			isa = PBXProject;
			attributes = {
				LastSwiftUpdateCheck = 0800;
				LastUpgradeCheck = 0800;
				ORGANIZATIONNAME = "Sanghoon Han";
				TargetAttributes = {
					62CA99511DA3DA0600E38872 = {
						CreatedOnToolsVersion = 8.0;
						ProvisioningStyle = Automatic;
					};
				};
			};
			buildConfigurationList = 62CA994D1DA3DA0600E38872 /* Build configuration list for PBXProject "DoctorWho" */;
			compatibilityVersion = "Xcode 3.2";
			developmentRegion = English;
			hasScannedForEncodings = 0;
			knownRegions = (
				en,
				Base,
			);
			mainGroup = 62CA99491DA3DA0600E38872;
			productRefGroup = 62CA99531DA3DA0600E38872 /* Products */;
			projectDirPath = "";
			projectRoot = "";
			targets = (
				62CA99511DA3DA0600E38872 /* DoctorWho */,
			);
		};
/* End PBXProject section */

/* Begin PBXResourcesBuildPhase section */
		62CA99501DA3DA0600E38872 /* Resources */ = {
			isa = PBXResourcesBuildPhase;
			buildActionMask = 2147483647;
			files = (
				62CA99601DA3DA0600E38872 /* LaunchScreen.storyboard in Resources */,
				62CA995D1DA3DA0600E38872 /* Assets.xcassets in Resources */,
				62CA995B1DA3DA0600E38872 /* Main.storyboard in Resources */,
			);
			runOnlyForDeploymentPostprocessing = 0;
		};
/* End PBXResourcesBuildPhase section */

/* Begin PBXSourcesBuildPhase section */
		62CA994E1DA3DA0600E38872 /* Sources */ = {
			isa = PBXSourcesBuildPhase;
			buildActionMask = 2147483647;
			files = (
				62CA99581DA3DA0600E38872 /* ViewController.swift in Sources */,
				62CA99681DA3DB4900E38872 /* TableViewController.swift in Sources */,
				62CA99561DA3DA0600E38872 /* AppDelegate.swift in Sources */,
				62CA996A1DA3DF7800E38872 /* Data.swift in Sources */,
			);
			runOnlyForDeploymentPostprocessing = 0;
		};
/* End PBXSourcesBuildPhase section */

/* Begin PBXVariantGroup section */
		62CA99591DA3DA0600E38872 /* Main.storyboard */ = {
			isa = PBXVariantGroup;
			children = (
				62CA995A1DA3DA0600E38872 /* Base */,
			);
			name = Main.storyboard;
			sourceTree = "<group>";
		};
		62CA995E1DA3DA0600E38872 /* LaunchScreen.storyboard */ = {
			isa = PBXVariantGroup;
			children = (
				62CA995F1DA3DA0600E38872 /* Base */,
			);
			name = LaunchScreen.storyboard;
			sourceTree = "<group>";
		};
/* End PBXVariantGroup section */

/* Begin XCBuildConfiguration section */
		62CA99621DA3DA0600E38872 /* Debug */ = {
			isa = XCBuildConfiguration;
			buildSettings = {
				ALWAYS_SEARCH_USER_PATHS = NO;
				CLANG_ANALYZER_NONNULL = YES;
				CLANG_CXX_LANGUAGE_STANDARD = "gnu++0x";
				CLANG_CXX_LIBRARY = "libc++";
				CLANG_ENABLE_MODULES = YES;
				CLANG_ENABLE_OBJC_ARC = YES;
				CLANG_WARN_BOOL_CONVERSION = YES;
				CLANG_WARN_CONSTANT_CONVERSION = YES;
				CLANG_WARN_DIRECT_OBJC_ISA_USAGE = YES_ERROR;
				CLANG_WARN_DOCUMENTATION_COMMENTS = YES;
				CLANG_WARN_EMPTY_BODY = YES;
				CLANG_WARN_ENUM_CONVERSION = YES;
				CLANG_WARN_INFINITE_RECURSION = YES;
				CLANG_WARN_INT_CONVERSION = YES;
				CLANG_WARN_OBJC_ROOT_CLASS = YES_ERROR;
				CLANG_WARN_SUSPICIOUS_MOVES = YES;
				CLANG_WARN_UNREACHABLE_CODE = YES;
				CLANG_WARN__DUPLICATE_METHOD_MATCH = YES;
				"CODE_SIGN_IDENTITY[sdk=iphoneos*]" = "iPhone Developer";
				COPY_PHASE_STRIP = NO;
				DEBUG_INFORMATION_FORMAT = dwarf;
				ENABLE_STRICT_OBJC_MSGSEND = YES;
				ENABLE_TESTABILITY = YES;
				GCC_C_LANGUAGE_STANDARD = gnu99;
				GCC_DYNAMIC_NO_PIC = NO;
				GCC_NO_COMMON_BLOCKS = YES;
				GCC_OPTIMIZATION_LEVEL = 0;
				GCC_PREPROCESSOR_DEFINITIONS = (
					"DEBUG=1",
					"$(inherited)",
				);
				GCC_WARN_64_TO_32_BIT_CONVERSION = YES;
				GCC_WARN_ABOUT_RETURN_TYPE = YES_ERROR;
				GCC_WARN_UNDECLARED_SELECTOR = YES;
				GCC_WARN_UNINITIALIZED_AUTOS = YES_AGGRESSIVE;
				GCC_WARN_UNUSED_FUNCTION = YES;
				GCC_WARN_UNUSED_VARIABLE = YES;
				IPHONEOS_DEPLOYMENT_TARGET = 10.0;
				MTL_ENABLE_DEBUG_INFO = YES;
				ONLY_ACTIVE_ARCH = YES;
				SDKROOT = iphoneos;
				SWIFT_ACTIVE_COMPILATION_CONDITIONS = DEBUG;
				SWIFT_OPTIMIZATION_LEVEL = "-Onone";
				TARGETED_DEVICE_FAMILY = "1,2";
			};
			name = Debug;
		};
		62CA99631DA3DA0600E38872 /* Release */ = {
			isa = XCBuildConfiguration;
			buildSettings = {
				ALWAYS_SEARCH_USER_PATHS = NO;
				CLANG_ANALYZER_NONNULL = YES;
				CLANG_CXX_LANGUAGE_STANDARD = "gnu++0x";
				CLANG_CXX_LIBRARY = "libc++";
				CLANG_ENABLE_MODULES = YES;
				CLANG_ENABLE_OBJC_ARC = YES;
				CLANG_WARN_BOOL_CONVERSION = YES;
				CLANG_WARN_CONSTANT_CONVERSION = YES;
				CLANG_WARN_DIRECT_OBJC_ISA_USAGE = YES_ERROR;
				CLANG_WARN_DOCUMENTATION_COMMENTS = YES;
				CLANG_WARN_EMPTY_BODY = YES;
				CLANG_WARN_ENUM_CONVERSION = YES;
				CLANG_WARN_INFINITE_RECURSION = YES;
				CLANG_WARN_INT_CONVERSION = YES;
				CLANG_WARN_OBJC_ROOT_CLASS = YES_ERROR;
				CLANG_WARN_SUSPICIOUS_MOVES = YES;
				CLANG_WARN_UNREACHABLE_CODE = YES;
				CLANG_WARN__DUPLICATE_METHOD_MATCH = YES;
				"CODE_SIGN_IDENTITY[sdk=iphoneos*]" = "iPhone Developer";
				COPY_PHASE_STRIP = NO;
				DEBUG_INFORMATION_FORMAT = "dwarf-with-dsym";
				ENABLE_NS_ASSERTIONS = NO;
				ENABLE_STRICT_OBJC_MSGSEND = YES;
				GCC_C_LANGUAGE_STANDARD = gnu99;
				GCC_NO_COMMON_BLOCKS = YES;
				GCC_WARN_64_TO_32_BIT_CONVERSION = YES;
				GCC_WARN_ABOUT_RETURN_TYPE = YES_ERROR;
				GCC_WARN_UNDECLARED_SELECTOR = YES;
				GCC_WARN_UNINITIALIZED_AUTOS = YES_AGGRESSIVE;
				GCC_WARN_UNUSED_FUNCTION = YES;
				GCC_WARN_UNUSED_VARIABLE = YES;
				IPHONEOS_DEPLOYMENT_TARGET = 10.0;
				MTL_ENABLE_DEBUG_INFO = NO;
				SDKROOT = iphoneos;
				SWIFT_OPTIMIZATION_LEVEL = "-Owholemodule";
				TARGETED_DEVICE_FAMILY = "1,2";
				VALIDATE_PRODUCT = YES;
			};
			name = Release;
		};
		62CA99651DA3DA0600E38872 /* Debug */ = {
			isa = XCBuildConfiguration;
			buildSettings = {
				ASSETCATALOG_COMPILER_APPICON_NAME = AppIcon;
				INFOPLIST_FILE = DoctorWho/Info.plist;
				LD_RUNPATH_SEARCH_PATHS = "$(inherited) @executable_path/Frameworks";
				PRODUCT_BUNDLE_IDENTIFIER = Han.DoctorWho;
				PRODUCT_NAME = "$(TARGET_NAME)";
				SWIFT_VERSION = 3.0;
			};
			name = Debug;
		};
		62CA99661DA3DA0600E38872 /* Release */ = {
			isa = XCBuildConfiguration;
			buildSettings = {
				ASSETCATALOG_COMPILER_APPICON_NAME = AppIcon;
				INFOPLIST_FILE = DoctorWho/Info.plist;
				LD_RUNPATH_SEARCH_PATHS = "$(inherited) @executable_path/Frameworks";
				PRODUCT_BUNDLE_IDENTIFIER = Han.DoctorWho;
				PRODUCT_NAME = "$(TARGET_NAME)";
				SWIFT_VERSION = 3.0;
			};
			name = Release;
		};
/* End XCBuildConfiguration section */

/* Begin XCConfigurationList section */
		62CA994D1DA3DA0600E38872 /* Build configuration list for PBXProject "DoctorWho" */ = {
			isa = XCConfigurationList;
			buildConfigurations = (
				62CA99621DA3DA0600E38872 /* Debug */,
				62CA99631DA3DA0600E38872 /* Release */,
			);
			defaultConfigurationIsVisible = 0;
			defaultConfigurationName = Release;
		};
		62CA99641DA3DA0600E38872 /* Build configuration list for PBXNativeTarget "DoctorWho" */ = {
			isa = XCConfigurationList;
			buildConfigurations = (
				62CA99651DA3DA0600E38872 /* Debug */,
				62CA99661DA3DA0600E38872 /* Release */,
			);
			defaultConfigurationIsVisible = 0;
		};
/* End XCConfigurationList section */
	};
	rootObject = 62CA994A1DA3DA0600E38872 /* Project object */;
}
